{
  "name": "listify",
  "version": "1.0.0",
  "lockfileVersion": 3,
  "requires": true,
  "packages": {
    "": {
      "name": "listify",
      "version": "1.0.0",
      "hasInstallScript": true,
      "workspaces": [
        "packages/*",
        "apps/backend",
        "apps/admin"
      ],
      "engines": {
        "node": ">=18.0.0",
        "npm": ">=9.0.0"
      }
    },
    "apps/admin": {
      "name": "listify-admin",
      "version": "1.0.0",
      "dependencies": {
        "@listify/shared": "*"
      }
    },
    "apps/backend": {
      "name": "listify-backend",
      "version": "1.0.0",
      "dependencies": {
        "@listify/shared": "*"
      }
    },
    "node_modules/@listify/shared": {
      "resolved": "packages/shared",
      "link": true
    },
    "node_modules/listify-admin": {
      "resolved": "apps/admin",
      "link": true
    },
    "node_modules/listify-backend": {
      "resolved": "apps/backend",
      "link": true
    },
    "packages/shared": {
      "name": "@listify/shared",
      "version": "1.0.0",
      "dependencies": {
        "zod": "^3.23.0"
      },
      "devDependencies": {
        "typescript": "~5.9.2"
      }
    },
    "packages/shared/node_modules/typescript": {
      "version": "5.9.3",
      "dev": true,
      "license": "Apache-2.0",
      "bin": {
        "tsc": "bin/tsc",
        "tsserver": "bin/tsserver"
      },
      "engines": {
        "node": ">=14.17"
      }
    },
    "packages/shared/node_modules/zod": {
      "version": "3.25.76",
      "license": "MIT",
      "funding": {
        "url": "https://github.com/sponsors/colinhacks"
      }
    }
  }
}
